
Microsoft Visual Studio Solution File, Format Version 12.00
# Visual Studio Version 17
VisualStudioVersion = 17.1.32421.90
MinimumVisualStudioVersion = 10.0.40219.1
Project("{9A19103F-16F7-4668-BE54-9A1E7A4F7556}") = "Tentakel.Extensions.Logging.Console", "src\Tentakel.Extensions.Logging.Console.csproj", "{B10050C7-CAD4-4A8F-BCD5-F9E493A9587A}"
EndProject
Project("{2150E333-8FDC-42A3-9474-1A3956D46DE8}") = "src", "src", "{6822CAFA-F3B7-4182-A509-4A29A485D60C}"
EndProject
Project("{2150E333-8FDC-42A3-9474-1A3956D46DE8}") = "tests", "tests", "{38CA0066-652B-4DAB-871A-3D3798D0CC9E}"
EndProject
Project("{FAE04EC0-301F-11D3-BF4B-00C04F79EFBC}") = "ConsoleApp", "tests\ConsoleApp\ConsoleApp.csproj", "{A30EF3CB-0F12-4D43-9055-9010313B36D9}"
EndProject
Project("{9A19103F-16F7-4668-BE54-9A1E7A4F7556}") = "Tentakel.Extensions.Logging", "..\Tentakel.Extensions.Logging\src\Tentakel.Extensions.Logging.csproj", "{A5D9764F-1EAF-4D19-9529-B1672E317035}"
EndProject
Project("{9A19103F-16F7-4668-BE54-9A1E7A4F7556}") = "Tentakel.Extensions.Logging.TextFormatters.Abstractions", "..\Tentakel.Extensions.Logging.TextFormatters.Abstractions\src\Tentakel.Extensions.Logging.TextFormatters.Abstractions.csproj", "{DF6290B4-1D3C-4D1C-9E96-08409BE2930C}"
EndProject
Global
	GlobalSection(SolutionConfigurationPlatforms) = preSolution
		Debug|Any CPU = Debug|Any CPU
		Release|Any CPU = Release|Any CPU
	EndGlobalSection
	GlobalSection(ProjectConfigurationPlatforms) = postSolution
		{B10050C7-CAD4-4A8F-BCD5-F9E493A9587A}.Debug|Any CPU.ActiveCfg = Debug|Any CPU
		{B10050C7-CAD4-4A8F-BCD5-F9E493A9587A}.Debug|Any CPU.Build.0 = Debug|Any CPU
		{B10050C7-CAD4-4A8F-BCD5-F9E493A9587A}.Release|Any CPU.ActiveCfg = Release|Any CPU
		{B10050C7-CAD4-4A8F-BCD5-F9E493A9587A}.Release|Any CPU.Build.0 = Release|Any CPU
		{A30EF3CB-0F12-4D43-9055-9010313B36D9}.Debug|Any CPU.ActiveCfg = Debug|Any CPU
		{A30EF3CB-0F12-4D43-9055-9010313B36D9}.Debug|Any CPU.Build.0 = Debug|Any CPU
		{A30EF3CB-0F12-4D43-9055-9010313B36D9}.Release|Any CPU.ActiveCfg = Release|Any CPU
		{A30EF3CB-0F12-4D43-9055-9010313B36D9}.Release|Any CPU.Build.0 = Release|Any CPU
		{A5D9764F-1EAF-4D19-9529-B1672E317035}.Debug|Any CPU.ActiveCfg = Debug|Any CPU
		{A5D9764F-1EAF-4D19-9529-B1672E317035}.Debug|Any CPU.Build.0 = Debug|Any CPU
		{A5D9764F-1EAF-4D19-9529-B1672E317035}.Release|Any CPU.ActiveCfg = Release|Any CPU
		{A5D9764F-1EAF-4D19-9529-B1672E317035}.Release|Any CPU.Build.0 = Release|Any CPU
		{DF6290B4-1D3C-4D1C-9E96-08409BE2930C}.Debug|Any CPU.ActiveCfg = Debug|Any CPU
		{DF6290B4-1D3C-4D1C-9E96-08409BE2930C}.Debug|Any CPU.Build.0 = Debug|Any CPU
		{DF6290B4-1D3C-4D1C-9E96-08409BE2930C}.Release|Any CPU.ActiveCfg = Release|Any CPU
		{DF6290B4-1D3C-4D1C-9E96-08409BE2930C}.Release|Any CPU.Build.0 = Release|Any CPU
	EndGlobalSection
	GlobalSection(SolutionProperties) = preSolution
		HideSolutionNode = FALSE
	EndGlobalSection
	GlobalSection(NestedProjects) = preSolution
		{B10050C7-CAD4-4A8F-BCD5-F9E493A9587A} = {6822CAFA-F3B7-4182-A509-4A29A485D60C}
		{A30EF3CB-0F12-4D43-9055-9010313B36D9} = {38CA0066-652B-4DAB-871A-3D3798D0CC9E}
		{A5D9764F-1EAF-4D19-9529-B1672E317035} = {6822CAFA-F3B7-4182-A509-4A29A485D60C}
		{DF6290B4-1D3C-4D1C-9E96-08409BE2930C} = {6822CAFA-F3B7-4182-A509-4A29A485D60C}
	EndGlobalSection
	GlobalSection(ExtensibilityGlobals) = postSolution
		SolutionGuid = {D40A12DD-F39D-4164-8396-538C58ACFE9F}
	EndGlobalSection
EndGlobal
