
Microsoft Visual Studio Solution File, Format Version 12.00
# Visual Studio Version 16
VisualStudioVersion = 16.0.31205.134
MinimumVisualStudioVersion = 10.0.40219.1
Project("{2150E333-8FDC-42A3-9474-1A3956D46DE8}") = "src", "src", "{19884DEC-9623-42FA-BB3A-B4C3DAA57C4E}"
EndProject
Project("{2150E333-8FDC-42A3-9474-1A3956D46DE8}") = "tests", "tests", "{A2987C76-E7C2-4631-A5B4-B44CF0F00564}"
EndProject
Project("{9A19103F-16F7-4668-BE54-9A1E7A4F7556}") = "Tentakel.Extensions.Logging", "src\Tentakel.Extensions.Logging\Tentakel.Extensions.Logging.csproj", "{B78FC8AD-CDF3-4A20-BD26-6209E1E3ABBF}"
EndProject
Project("{2150E333-8FDC-42A3-9474-1A3956D46DE8}") = "ref", "ref", "{151165BF-49D1-4C40-80F2-104BB5CC8B1C}"
EndProject
Project("{9A19103F-16F7-4668-BE54-9A1E7A4F7556}") = "Tentakel.Extensions.Configuration", "..\Tentakel.Extensions.Configuration\src\Tentakel.Extensions.Configuration\Tentakel.Extensions.Configuration.csproj", "{0CABB428-56C5-4D0D-801B-93167D0B5943}"
EndProject
Global
	GlobalSection(SolutionConfigurationPlatforms) = preSolution
		Debug|Any CPU = Debug|Any CPU
		Release|Any CPU = Release|Any CPU
	EndGlobalSection
	GlobalSection(ProjectConfigurationPlatforms) = postSolution
		{B78FC8AD-CDF3-4A20-BD26-6209E1E3ABBF}.Debug|Any CPU.ActiveCfg = Debug|Any CPU
		{B78FC8AD-CDF3-4A20-BD26-6209E1E3ABBF}.Debug|Any CPU.Build.0 = Debug|Any CPU
		{B78FC8AD-CDF3-4A20-BD26-6209E1E3ABBF}.Release|Any CPU.ActiveCfg = Release|Any CPU
		{B78FC8AD-CDF3-4A20-BD26-6209E1E3ABBF}.Release|Any CPU.Build.0 = Release|Any CPU
		{0CABB428-56C5-4D0D-801B-93167D0B5943}.Debug|Any CPU.ActiveCfg = Debug|Any CPU
		{0CABB428-56C5-4D0D-801B-93167D0B5943}.Debug|Any CPU.Build.0 = Debug|Any CPU
		{0CABB428-56C5-4D0D-801B-93167D0B5943}.Release|Any CPU.ActiveCfg = Release|Any CPU
		{0CABB428-56C5-4D0D-801B-93167D0B5943}.Release|Any CPU.Build.0 = Release|Any CPU
	EndGlobalSection
	GlobalSection(SolutionProperties) = preSolution
		HideSolutionNode = FALSE
	EndGlobalSection
	GlobalSection(NestedProjects) = preSolution
		{B78FC8AD-CDF3-4A20-BD26-6209E1E3ABBF} = {19884DEC-9623-42FA-BB3A-B4C3DAA57C4E}
		{0CABB428-56C5-4D0D-801B-93167D0B5943} = {151165BF-49D1-4C40-80F2-104BB5CC8B1C}
	EndGlobalSection
	GlobalSection(ExtensibilityGlobals) = postSolution
		SolutionGuid = {59DEB116-9148-479C-957C-C816F2AC6903}
	EndGlobalSection
EndGlobal
