
Microsoft Visual Studio Solution File, Format Version 12.00
# Visual Studio Version 17
VisualStudioVersion = 17.1.32421.90
MinimumVisualStudioVersion = 10.0.40219.1
Project("{2150E333-8FDC-42A3-9474-1A3956D46DE8}") = "src", "src", "{E97E6DB8-46E1-4803-8F9B-8E2386D5493C}"
EndProject
Project("{9A19103F-16F7-4668-BE54-9A1E7A4F7556}") = "Tentakel.Extensions.Configuration", "src\Tentakel.Extensions.Configuration.csproj", "{19326D85-8B3D-4542-8A1D-9DE4BDD0AF5B}"
EndProject
Project("{2150E333-8FDC-42A3-9474-1A3956D46DE8}") = "tests", "tests", "{4E74118B-49B3-40DF-B993-5E055F0ED749}"
EndProject
Project("{9A19103F-16F7-4668-BE54-9A1E7A4F7556}") = "Tentakel.Extensions.Configuration.Tests", "tests\Tentakel.Extensions.Configuration.Tests.csproj", "{20FB1A68-A27E-4BBB-9E35-C9BD7464F792}"
EndProject
Global
	GlobalSection(SolutionConfigurationPlatforms) = preSolution
		Debug|Any CPU = Debug|Any CPU
		Release|Any CPU = Release|Any CPU
	EndGlobalSection
	GlobalSection(ProjectConfigurationPlatforms) = postSolution
		{19326D85-8B3D-4542-8A1D-9DE4BDD0AF5B}.Debug|Any CPU.ActiveCfg = Debug|Any CPU
		{19326D85-8B3D-4542-8A1D-9DE4BDD0AF5B}.Debug|Any CPU.Build.0 = Debug|Any CPU
		{19326D85-8B3D-4542-8A1D-9DE4BDD0AF5B}.Release|Any CPU.ActiveCfg = Release|Any CPU
		{19326D85-8B3D-4542-8A1D-9DE4BDD0AF5B}.Release|Any CPU.Build.0 = Release|Any CPU
		{20FB1A68-A27E-4BBB-9E35-C9BD7464F792}.Debug|Any CPU.ActiveCfg = Debug|Any CPU
		{20FB1A68-A27E-4BBB-9E35-C9BD7464F792}.Debug|Any CPU.Build.0 = Debug|Any CPU
		{20FB1A68-A27E-4BBB-9E35-C9BD7464F792}.Release|Any CPU.ActiveCfg = Release|Any CPU
		{20FB1A68-A27E-4BBB-9E35-C9BD7464F792}.Release|Any CPU.Build.0 = Release|Any CPU
	EndGlobalSection
	GlobalSection(SolutionProperties) = preSolution
		HideSolutionNode = FALSE
	EndGlobalSection
	GlobalSection(NestedProjects) = preSolution
		{19326D85-8B3D-4542-8A1D-9DE4BDD0AF5B} = {E97E6DB8-46E1-4803-8F9B-8E2386D5493C}
		{20FB1A68-A27E-4BBB-9E35-C9BD7464F792} = {4E74118B-49B3-40DF-B993-5E055F0ED749}
	EndGlobalSection
	GlobalSection(ExtensibilityGlobals) = postSolution
		SolutionGuid = {2F77CE89-A96E-4D67-BAEE-9DFE19BF0D73}
	EndGlobalSection
EndGlobal
